
Microsoft Visual Studio Solution File, Format Version 12.00
# Visual Studio Version 17
VisualStudioVersion = 17.0.31903.59
MinimumVisualStudioVersion = 10.0.40219.1
Project("{2150E333-8FDC-42A3-9474-1A3956D46DE8}") = "backend", "backend", "{1510BF3D-6267-4221-8880-0B1CDBBD78E7}"
EndProject
Project("{FAE04EC0-301F-11D3-BF4B-00C04F79EFBC}") = "acme.ecomm.api", "backend\acme.ecomm.api\acme.ecomm.api.csproj", "{B23BB9E3-B61C-4863-A83C-EA06C50584B6}"
EndProject
Project("{FAE04EC0-301F-11D3-BF4B-00C04F79EFBC}") = "acme.ecomm.api.tests", "backend\acme.ecomm.api.tests\acme.ecomm.api.tests.csproj", "{EF6DCC75-7A47-4094-AC3B-60DFE2453775}"
EndProject
Project("{FAE04EC0-301F-11D3-BF4B-00C04F79EFBC}") = "acme.ecomm.domain", "backend\acme.ecomm.domain\acme.ecomm.domain.csproj", "{50376BDC-1C08-46F6-BD6F-C757DD8821B1}"
EndProject
Project("{FAE04EC0-301F-11D3-BF4B-00C04F79EFBC}") = "acme.ecomm.domain.tests", "backend\acme.ecomm.domain.tests\acme.ecomm.domain.tests.csproj", "{30DA14D6-3BD5-434D-877A-DA6C0E6CDF26}"
EndProject
Global
	GlobalSection(SolutionConfigurationPlatforms) = preSolution
		Debug|Any CPU = Debug|Any CPU
		Release|Any CPU = Release|Any CPU
	EndGlobalSection
	GlobalSection(SolutionProperties) = preSolution
		HideSolutionNode = FALSE
	EndGlobalSection
	GlobalSection(ProjectConfigurationPlatforms) = postSolution
		{B23BB9E3-B61C-4863-A83C-EA06C50584B6}.Debug|Any CPU.ActiveCfg = Debug|Any CPU
		{B23BB9E3-B61C-4863-A83C-EA06C50584B6}.Debug|Any CPU.Build.0 = Debug|Any CPU
		{B23BB9E3-B61C-4863-A83C-EA06C50584B6}.Release|Any CPU.ActiveCfg = Release|Any CPU
		{B23BB9E3-B61C-4863-A83C-EA06C50584B6}.Release|Any CPU.Build.0 = Release|Any CPU
		{EF6DCC75-7A47-4094-AC3B-60DFE2453775}.Debug|Any CPU.ActiveCfg = Debug|Any CPU
		{EF6DCC75-7A47-4094-AC3B-60DFE2453775}.Debug|Any CPU.Build.0 = Debug|Any CPU
		{EF6DCC75-7A47-4094-AC3B-60DFE2453775}.Release|Any CPU.ActiveCfg = Release|Any CPU
		{EF6DCC75-7A47-4094-AC3B-60DFE2453775}.Release|Any CPU.Build.0 = Release|Any CPU
		{50376BDC-1C08-46F6-BD6F-C757DD8821B1}.Debug|Any CPU.ActiveCfg = Debug|Any CPU
		{50376BDC-1C08-46F6-BD6F-C757DD8821B1}.Debug|Any CPU.Build.0 = Debug|Any CPU
		{50376BDC-1C08-46F6-BD6F-C757DD8821B1}.Release|Any CPU.ActiveCfg = Release|Any CPU
		{50376BDC-1C08-46F6-BD6F-C757DD8821B1}.Release|Any CPU.Build.0 = Release|Any CPU
		{30DA14D6-3BD5-434D-877A-DA6C0E6CDF26}.Debug|Any CPU.ActiveCfg = Debug|Any CPU
		{30DA14D6-3BD5-434D-877A-DA6C0E6CDF26}.Debug|Any CPU.Build.0 = Debug|Any CPU
		{30DA14D6-3BD5-434D-877A-DA6C0E6CDF26}.Release|Any CPU.ActiveCfg = Release|Any CPU
		{30DA14D6-3BD5-434D-877A-DA6C0E6CDF26}.Release|Any CPU.Build.0 = Release|Any CPU
	EndGlobalSection
	GlobalSection(NestedProjects) = preSolution
		{B23BB9E3-B61C-4863-A83C-EA06C50584B6} = {1510BF3D-6267-4221-8880-0B1CDBBD78E7}
		{EF6DCC75-7A47-4094-AC3B-60DFE2453775} = {1510BF3D-6267-4221-8880-0B1CDBBD78E7}
		{50376BDC-1C08-46F6-BD6F-C757DD8821B1} = {1510BF3D-6267-4221-8880-0B1CDBBD78E7}
		{30DA14D6-3BD5-434D-877A-DA6C0E6CDF26} = {1510BF3D-6267-4221-8880-0B1CDBBD78E7}
	EndGlobalSection
EndGlobal
